
Microsoft Visual Studio Solution File, Format Version 12.00
# Visual Studio Version 17
VisualStudioVersion = 17.5.002.0
MinimumVisualStudioVersion = 10.0.40219.1
Project("{9A19103F-16F7-4668-BE54-9A1E7A4F7556}") = "ArrScrambler", "ArrScrambler.csproj", "{8F28403E-036A-4076-9B10-C628262FB60F}"
EndProject
Global
	GlobalSection(SolutionConfigurationPlatforms) = preSolution
		Debug|Any CPU = Debug|Any CPU
		Release|Any CPU = Release|Any CPU
	EndGlobalSection
	GlobalSection(ProjectConfigurationPlatforms) = postSolution
		{8F28403E-036A-4076-9B10-C628262FB60F}.Debug|Any CPU.ActiveCfg = Debug|Any CPU
		{8F28403E-036A-4076-9B10-C628262FB60F}.Debug|Any CPU.Build.0 = Debug|Any CPU
		{8F28403E-036A-4076-9B10-C628262FB60F}.Release|Any CPU.ActiveCfg = Release|Any CPU
		{8F28403E-036A-4076-9B10-C628262FB60F}.Release|Any CPU.Build.0 = Release|Any CPU
	EndGlobalSection
	GlobalSection(SolutionProperties) = preSolution
		HideSolutionNode = FALSE
	EndGlobalSection
	GlobalSection(ExtensibilityGlobals) = postSolution
		SolutionGuid = {547CD2A9-3D90-4734-B0B2-41303D531166}
	EndGlobalSection
EndGlobal
